
Microsoft Visual Studio Solution File, Format Version 12.00
# Visual Studio Version 17
VisualStudioVersion = 17.13.35825.156 d17.13
MinimumVisualStudioVersion = 10.0.40219.1
Project("{FAE04EC0-301F-11D3-BF4B-00C04F79EFBC}") = "Reporte_asp", "Reporte_asp\Reporte_asp.csproj", "{A9684671-D4F2-479B-90C5-B6F929639E7F}"
EndProject
Global
	GlobalSection(SolutionConfigurationPlatforms) = preSolution
		Debug|Any CPU = Debug|Any CPU
		Release|Any CPU = Release|Any CPU
	EndGlobalSection
	GlobalSection(ProjectConfigurationPlatforms) = postSolution
		{A9684671-D4F2-479B-90C5-B6F929639E7F}.Debug|Any CPU.ActiveCfg = Debug|Any CPU
		{A9684671-D4F2-479B-90C5-B6F929639E7F}.Debug|Any CPU.Build.0 = Debug|Any CPU
		{A9684671-D4F2-479B-90C5-B6F929639E7F}.Release|Any CPU.ActiveCfg = Release|Any CPU
		{A9684671-D4F2-479B-90C5-B6F929639E7F}.Release|Any CPU.Build.0 = Release|Any CPU
	EndGlobalSection
	GlobalSection(SolutionProperties) = preSolution
		HideSolutionNode = FALSE
	EndGlobalSection
	GlobalSection(ExtensibilityGlobals) = postSolution
		SolutionGuid = {AB03694C-741D-4E75-B303-B81FCA99BFC3}
	EndGlobalSection
EndGlobal
